// !$*UTF8*$!
{
	archiveVersion = 1;
	classes = {
	};
	objectVersion = 46;
	objects = {

/* Begin PBXBuildFile section */
		4AAD14221C7DC98B00DBA4A0 /* AppDelegate.swift in Sources */ = {isa = PBXBuildFile; fileRef = 4AAD14211C7DC98B00DBA4A0 /* AppDelegate.swift */; };
		4AAD14241C7DC98B00DBA4A0 /* ViewController.swift in Sources */ = {isa = PBXBuildFile; fileRef = 4AAD14231C7DC98B00DBA4A0 /* ViewController.swift */; };
		4AAD14271C7DC98B00DBA4A0 /* Main.storyboard in Resources */ = {isa = PBXBuildFile; fileRef = 4AAD14251C7DC98B00DBA4A0 /* Main.storyboard */; };
		4AAD14291C7DC98B00DBA4A0 /* Assets.xcassets in Resources */ = {isa = PBXBuildFile; fileRef = 4AAD14281C7DC98B00DBA4A0 /* Assets.xcassets */; };
		4AAD142C1C7DC98B00DBA4A0 /* LaunchScreen.storyboard in Resources */ = {isa = PBXBuildFile; fileRef = 4AAD142A1C7DC98B00DBA4A0 /* LaunchScreen.storyboard */; };
		4AAD14371C7DC98B00DBA4A0 /* Sekolah_KodingTests.swift in Sources */ = {isa = PBXBuildFile; fileRef = 4AAD14361C7DC98B00DBA4A0 /* Sekolah_KodingTests.swift */; };
		4AAD14421C7DC98B00DBA4A0 /* Sekolah_KodingUITests.swift in Sources */ = {isa = PBXBuildFile; fileRef = 4AAD14411C7DC98B00DBA4A0 /* Sekolah_KodingUITests.swift */; };
/* End PBXBuildFile section */

/* Begin PBXContainerItemProxy section */
		4AAD14331C7DC98B00DBA4A0 /* PBXContainerItemProxy */ = {
			isa = PBXContainerItemProxy;
			containerPortal = 4AAD14161C7DC98B00DBA4A0 /* Project object */;
			proxyType = 1;
			remoteGlobalIDString = 4AAD141D1C7DC98B00DBA4A0;
			remoteInfo = "Sekolah Koding";
		};
		4AAD143E1C7DC98B00DBA4A0 /* PBXContainerItemProxy */ = {
			isa = PBXContainerItemProxy;
			containerPortal = 4AAD14161C7DC98B00DBA4A0 /* Project object */;
			proxyType = 1;
			remoteGlobalIDString = 4AAD141D1C7DC98B00DBA4A0;
			remoteInfo = "Sekolah Koding";
		};
/* End PBXContainerItemProxy section */

/* Begin PBXFileReference section */
		4AAD141E1C7DC98B00DBA4A0 /* Sekolah Koding.app */ = {isa = PBXFileReference; explicitFileType = wrapper.application; includeInIndex = 0; path = "Sekolah Koding.app"; sourceTree = BUILT_PRODUCTS_DIR; };
		4AAD14211C7DC98B00DBA4A0 /* AppDelegate.swift */ = {isa = PBXFileReference; lastKnownFileType = sourcecode.swift; path = AppDelegate.swift; sourceTree = "<group>"; };
		4AAD14231C7DC98B00DBA4A0 /* ViewController.swift */ = {isa = PBXFileReference; lastKnownFileType = sourcecode.swift; path = ViewController.swift; sourceTree = "<group>"; };
		4AAD14261C7DC98B00DBA4A0 /* Base */ = {isa = PBXFileReference; lastKnownFileType = file.storyboard; name = Base; path = Base.lproj/Main.storyboard; sourceTree = "<group>"; };
		4AAD14281C7DC98B00DBA4A0 /* Assets.xcassets */ = {isa = PBXFileReference; lastKnownFileType = folder.assetcatalog; path = Assets.xcassets; sourceTree = "<group>"; };
		4AAD142B1C7DC98B00DBA4A0 /* Base */ = {isa = PBXFileReference; lastKnownFileType = file.storyboard; name = Base; path = Base.lproj/LaunchScreen.storyboard; sourceTree = "<group>"; };
		4AAD142D1C7DC98B00DBA4A0 /* Info.plist */ = {isa = PBXFileReference; lastKnownFileType = text.plist.xml; path = Info.plist; sourceTree = "<group>"; };
		4AAD14321C7DC98B00DBA4A0 /* Sekolah KodingTests.xctest */ = {isa = PBXFileReference; explicitFileType = wrapper.cfbundle; includeInIndex = 0; path = "Sekolah KodingTests.xctest"; sourceTree = BUILT_PRODUCTS_DIR; };
		4AAD14361C7DC98B00DBA4A0 /* Sekolah_KodingTests.swift */ = {isa = PBXFileReference; lastKnownFileType = sourcecode.swift; path = Sekolah_KodingTests.swift; sourceTree = "<group>"; };
		4AAD14381C7DC98B00DBA4A0 /* Info.plist */ = {isa = PBXFileReference; lastKnownFileType = text.plist.xml; path = Info.plist; sourceTree = "<group>"; };
		4AAD143D1C7DC98B00DBA4A0 /* Sekolah KodingUITests.xctest */ = {isa = PBXFileReference; explicitFileType = wrapper.cfbundle; includeInIndex = 0; path = "Sekolah KodingUITests.xctest"; sourceTree = BUILT_PRODUCTS_DIR; };
		4AAD14411C7DC98B00DBA4A0 /* Sekolah_KodingUITests.swift */ = {isa = PBXFileReference; lastKnownFileType = sourcecode.swift; path = Sekolah_KodingUITests.swift; sourceTree = "<group>"; };
		4AAD14431C7DC98B00DBA4A0 /* Info.plist */ = {isa = PBXFileReference; lastKnownFileType = text.plist.xml; path = Info.plist; sourceTree = "<group>"; };
/* End PBXFileReference section */

/* Begin PBXFrameworksBuildPhase section */
		4AAD141B1C7DC98B00DBA4A0 /* Frameworks */ = {
			isa = PBXFrameworksBuildPhase;
			buildActionMask = 2147483647;
			files = (
			);
			runOnlyForDeploymentPostprocessing = 0;
		};
		4AAD142F1C7DC98B00DBA4A0 /* Frameworks */ = {
			isa = PBXFrameworksBuildPhase;
			buildActionMask = 2147483647;
			files = (
			);
			runOnlyForDeploymentPostprocessing = 0;
		};
		4AAD143A1C7DC98B00DBA4A0 /* Frameworks */ = {
			isa = PBXFrameworksBuildPhase;
			buildActionMask = 2147483647;
			files = (
			);
			runOnlyForDeploymentPostprocessing = 0;
		};
/* End PBXFrameworksBuildPhase section */

/* Begin PBXGroup section */
		4AAD14151C7DC98B00DBA4A0 = {
			isa = PBXGroup;
			children = (
				4AAD14201C7DC98B00DBA4A0 /* Sekolah Koding */,
				4AAD14351C7DC98B00DBA4A0 /* Sekolah KodingTests */,
				4AAD14401C7DC98B00DBA4A0 /* Sekolah KodingUITests */,
				4AAD141F1C7DC98B00DBA4A0 /* Products */,
			);
			sourceTree = "<group>";
		};
		4AAD141F1C7DC98B00DBA4A0 /* Products */ = {
			isa = PBXGroup;
			children = (
				4AAD141E1C7DC98B00DBA4A0 /* Sekolah Koding.app */,
				4AAD14321C7DC98B00DBA4A0 /* Sekolah KodingTests.xctest */,
				4AAD143D1C7DC98B00DBA4A0 /* Sekolah KodingUITests.xctest */,
			);
			name = Products;
			sourceTree = "<group>";
		};
		4AAD14201C7DC98B00DBA4A0 /* Sekolah Koding */ = {
			isa = PBXGroup;
			children = (
				4AAD14211C7DC98B00DBA4A0 /* AppDelegate.swift */,
				4AAD14231C7DC98B00DBA4A0 /* ViewController.swift */,
				4AAD14251C7DC98B00DBA4A0 /* Main.storyboard */,
				4AAD14281C7DC98B00DBA4A0 /* Assets.xcassets */,
				4AAD142A1C7DC98B00DBA4A0 /* LaunchScreen.storyboard */,
				4AAD142D1C7DC98B00DBA4A0 /* Info.plist */,
			);
			path = "Sekolah Koding";
			sourceTree = "<group>";
		};
		4AAD14351C7DC98B00DBA4A0 /* Sekolah KodingTests */ = {
			isa = PBXGroup;
			children = (
				4AAD14361C7DC98B00DBA4A0 /* Sekolah_KodingTests.swift */,
				4AAD14381C7DC98B00DBA4A0 /* Info.plist */,
			);
			path = "Sekolah KodingTests";
			sourceTree = "<group>";
		};
		4AAD14401C7DC98B00DBA4A0 /* Sekolah KodingUITests */ = {
			isa = PBXGroup;
			children = (
				4AAD14411C7DC98B00DBA4A0 /* Sekolah_KodingUITests.swift */,
				4AAD14431C7DC98B00DBA4A0 /* Info.plist */,
			);
			path = "Sekolah KodingUITests";
			sourceTree = "<group>";
		};
/* End PBXGroup section */

/* Begin PBXNativeTarget section */
		4AAD141D1C7DC98B00DBA4A0 /* Sekolah Koding */ = {
			isa = PBXNativeTarget;
			buildConfigurationList = 4AAD14461C7DC98B00DBA4A0 /* Build configuration list for PBXNativeTarget "Sekolah Koding" */;
			buildPhases = (
				4AAD141A1C7DC98B00DBA4A0 /* Sources */,
				4AAD141B1C7DC98B00DBA4A0 /* Frameworks */,
				4AAD141C1C7DC98B00DBA4A0 /* Resources */,
			);
			buildRules = (
			);
			dependencies = (
			);
			name = "Sekolah Koding";
			productName = "Sekolah Koding";
			productReference = 4AAD141E1C7DC98B00DBA4A0 /* Sekolah Koding.app */;
			productType = "com.apple.product-type.application";
		};
		4AAD14311C7DC98B00DBA4A0 /* Sekolah KodingTests */ = {
			isa = PBXNativeTarget;
			buildConfigurationList = 4AAD14491C7DC98B00DBA4A0 /* Build configuration list for PBXNativeTarget "Sekolah KodingTests" */;
			buildPhases = (
				4AAD142E1C7DC98B00DBA4A0 /* Sources */,
				4AAD142F1C7DC98B00DBA4A0 /* Frameworks */,
				4AAD14301C7DC98B00DBA4A0 /* Resources */,
			);
			buildRules = (
			);
			dependencies = (
				4AAD14341C7DC98B00DBA4A0 /* PBXTargetDependency */,
			);
			name = "Sekolah KodingTests";
			productName = "Sekolah KodingTests";
			productReference = 4AAD14321C7DC98B00DBA4A0 /* Sekolah KodingTests.xctest */;
			productType = "com.apple.product-type.bundle.unit-test";
		};
		4AAD143C1C7DC98B00DBA4A0 /* Sekolah KodingUITests */ = {
			isa = PBXNativeTarget;
			buildConfigurationList = 4AAD144C1C7DC98B00DBA4A0 /* Build configuration list for PBXNativeTarget "Sekolah KodingUITests" */;
			buildPhases = (
				4AAD14391C7DC98B00DBA4A0 /* Sources */,
				4AAD143A1C7DC98B00DBA4A0 /* Frameworks */,
				4AAD143B1C7DC98B00DBA4A0 /* Resources */,
			);
			buildRules = (
			);
			dependencies = (
				4AAD143F1C7DC98B00DBA4A0 /* PBXTargetDependency */,
			);
			name = "Sekolah KodingUITests";
			productName = "Sekolah KodingUITests";
			productReference = 4AAD143D1C7DC98B00DBA4A0 /* Sekolah KodingUITests.xctest */;
			productType = "com.apple.product-type.bundle.ui-testing";
		};
/* End PBXNativeTarget section */

/* Begin PBXProject section */
		4AAD14161C7DC98B00DBA4A0 /* Project object */ = {
			isa = PBXProject;
			attributes = {
				LastSwiftUpdateCheck = 0720;
				LastUpgradeCheck = 0720;
				ORGANIZATIONNAME = Yoggi;
				TargetAttributes = {
					4AAD141D1C7DC98B00DBA4A0 = {
						CreatedOnToolsVersion = 7.2;
						DevelopmentTeam = PWHTD9B4VC;
					};
					4AAD14311C7DC98B00DBA4A0 = {
						CreatedOnToolsVersion = 7.2;
						DevelopmentTeam = PWHTD9B4VC;
						TestTargetID = 4AAD141D1C7DC98B00DBA4A0;
					};
					4AAD143C1C7DC98B00DBA4A0 = {
						CreatedOnToolsVersion = 7.2;
						DevelopmentTeam = PWHTD9B4VC;
						TestTargetID = 4AAD141D1C7DC98B00DBA4A0;
					};
				};
			};
			buildConfigurationList = 4AAD14191C7DC98B00DBA4A0 /* Build configuration list for PBXProject "Sekolah Koding" */;
			compatibilityVersion = "Xcode 3.2";
			developmentRegion = English;
			hasScannedForEncodings = 0;
			knownRegions = (
				en,
				Base,
			);
			mainGroup = 4AAD14151C7DC98B00DBA4A0;
			productRefGroup = 4AAD141F1C7DC98B00DBA4A0 /* Products */;
			projectDirPath = "";
			projectRoot = "";
			targets = (
				4AAD141D1C7DC98B00DBA4A0 /* Sekolah Koding */,
				4AAD14311C7DC98B00DBA4A0 /* Sekolah KodingTests */,
				4AAD143C1C7DC98B00DBA4A0 /* Sekolah KodingUITests */,
			);
		};
/* End PBXProject section */

/* Begin PBXResourcesBuildPhase section */
		4AAD141C1C7DC98B00DBA4A0 /* Resources */ = {
			isa = PBXResourcesBuildPhase;
			buildActionMask = 2147483647;
			files = (
				4AAD142C1C7DC98B00DBA4A0 /* LaunchScreen.storyboard in Resources */,
				4AAD14291C7DC98B00DBA4A0 /* Assets.xcassets in Resources */,
				4AAD14271C7DC98B00DBA4A0 /* Main.storyboard in Resources */,
			);
			runOnlyForDeploymentPostprocessing = 0;
		};
		4AAD14301C7DC98B00DBA4A0 /* Resources */ = {
			isa = PBXResourcesBuildPhase;
			buildActionMask = 2147483647;
			files = (
			);
			runOnlyForDeploymentPostprocessing = 0;
		};
		4AAD143B1C7DC98B00DBA4A0 /* Resources */ = {
			isa = PBXResourcesBuildPhase;
			buildActionMask = 2147483647;
			files = (
			);
			runOnlyForDeploymentPostprocessing = 0;
		};
/* End PBXResourcesBuildPhase section */

/* Begin PBXSourcesBuildPhase section */
		4AAD141A1C7DC98B00DBA4A0 /* Sources */ = {
			isa = PBXSourcesBuildPhase;
			buildActionMask = 2147483647;
			files = (
				4AAD14241C7DC98B00DBA4A0 /* ViewController.swift in Sources */,
				4AAD14221C7DC98B00DBA4A0 /* AppDelegate.swift in Sources */,
			);
			runOnlyForDeploymentPostprocessing = 0;
		};
		4AAD142E1C7DC98B00DBA4A0 /* Sources */ = {
			isa = PBXSourcesBuildPhase;
			buildActionMask = 2147483647;
			files = (
				4AAD14371C7DC98B00DBA4A0 /* Sekolah_KodingTests.swift in Sources */,
			);
			runOnlyForDeploymentPostprocessing = 0;
		};
		4AAD14391C7DC98B00DBA4A0 /* Sources */ = {
			isa = PBXSourcesBuildPhase;
			buildActionMask = 2147483647;
			files = (
				4AAD14421C7DC98B00DBA4A0 /* Sekolah_KodingUITests.swift in Sources */,
			);
			runOnlyForDeploymentPostprocessing = 0;
		};
/* End PBXSourcesBuildPhase section */

/* Begin PBXTargetDependency section */
		4AAD14341C7DC98B00DBA4A0 /* PBXTargetDependency */ = {
			isa = PBXTargetDependency;
			target = 4AAD141D1C7DC98B00DBA4A0 /* Sekolah Koding */;
			targetProxy = 4AAD14331C7DC98B00DBA4A0 /* PBXContainerItemProxy */;
		};
		4AAD143F1C7DC98B00DBA4A0 /* PBXTargetDependency */ = {
			isa = PBXTargetDependency;
			target = 4AAD141D1C7DC98B00DBA4A0 /* Sekolah Koding */;
			targetProxy = 4AAD143E1C7DC98B00DBA4A0 /* PBXContainerItemProxy */;
		};
/* End PBXTargetDependency section */

/* Begin PBXVariantGroup section */
		4AAD14251C7DC98B00DBA4A0 /* Main.storyboard */ = {
			isa = PBXVariantGroup;
			children = (
				4AAD14261C7DC98B00DBA4A0 /* Base */,
			);
			name = Main.storyboard;
			sourceTree = "<group>";
		};
		4AAD142A1C7DC98B00DBA4A0 /* LaunchScreen.storyboard */ = {
			isa = PBXVariantGroup;
			children = (
				4AAD142B1C7DC98B00DBA4A0 /* Base */,
			);
			name = LaunchScreen.storyboard;
			sourceTree = "<group>";
		};
/* End PBXVariantGroup section */

/* Begin XCBuildConfiguration section */
		4AAD14441C7DC98B00DBA4A0 /* Debug */ = {
			isa = XCBuildConfiguration;
			buildSettings = {
				ALWAYS_SEARCH_USER_PATHS = NO;
				CLANG_CXX_LANGUAGE_STANDARD = "gnu++0x";
				CLANG_CXX_LIBRARY = "libc++";
				CLANG_ENABLE_MODULES = YES;
				CLANG_ENABLE_OBJC_ARC = YES;
				CLANG_WARN_BOOL_CONVERSION = YES;
				CLANG_WARN_CONSTANT_CONVERSION = YES;
				CLANG_WARN_DIRECT_OBJC_ISA_USAGE = YES_ERROR;
				CLANG_WARN_EMPTY_BODY = YES;
				CLANG_WARN_ENUM_CONVERSION = YES;
				CLANG_WARN_INT_CONVERSION = YES;
				CLANG_WARN_OBJC_ROOT_CLASS = YES_ERROR;
				CLANG_WARN_UNREACHABLE_CODE = YES;
				CLANG_WARN__DUPLICATE_METHOD_MATCH = YES;
				"CODE_SIGN_IDENTITY[sdk=iphoneos*]" = "iPhone Developer";
				COPY_PHASE_STRIP = NO;
				DEBUG_INFORMATION_FORMAT = dwarf;
				ENABLE_STRICT_OBJC_MSGSEND = YES;
				ENABLE_TESTABILITY = YES;
				GCC_C_LANGUAGE_STANDARD = gnu99;
				GCC_DYNAMIC_NO_PIC = NO;
				GCC_NO_COMMON_BLOCKS = YES;
				GCC_OPTIMIZATION_LEVEL = 0;
				GCC_PREPROCESSOR_DEFINITIONS = (
					"DEBUG=1",
					"$(inherited)",
				);
				GCC_WARN_64_TO_32_BIT_CONVERSION = YES;
				GCC_WARN_ABOUT_RETURN_TYPE = YES_ERROR;
				GCC_WARN_UNDECLARED_SELECTOR = YES;
				GCC_WARN_UNINITIALIZED_AUTOS = YES_AGGRESSIVE;
				GCC_WARN_UNUSED_FUNCTION = YES;
				GCC_WARN_UNUSED_VARIABLE = YES;
				IPHONEOS_DEPLOYMENT_TARGET = 9.2;
				MTL_ENABLE_DEBUG_INFO = YES;
				ONLY_ACTIVE_ARCH = YES;
				SDKROOT = iphoneos;
				SWIFT_OPTIMIZATION_LEVEL = "-Onone";
				TARGETED_DEVICE_FAMILY = "1,2";
			};
			name = Debug;
		};
		4AAD14451C7DC98B00DBA4A0 /* Release */ = {
			isa = XCBuildConfiguration;
			buildSettings = {
				ALWAYS_SEARCH_USER_PATHS = NO;
				CLANG_CXX_LANGUAGE_STANDARD = "gnu++0x";
				CLANG_CXX_LIBRARY = "libc++";
				CLANG_ENABLE_MODULES = YES;
				CLANG_ENABLE_OBJC_ARC = YES;
				CLANG_WARN_BOOL_CONVERSION = YES;
				CLANG_WARN_CONSTANT_CONVERSION = YES;
				CLANG_WARN_DIRECT_OBJC_ISA_USAGE = YES_ERROR;
				CLANG_WARN_EMPTY_BODY = YES;
				CLANG_WARN_ENUM_CONVERSION = YES;
				CLANG_WARN_INT_CONVERSION = YES;
				CLANG_WARN_OBJC_ROOT_CLASS = YES_ERROR;
				CLANG_WARN_UNREACHABLE_CODE = YES;
				CLANG_WARN__DUPLICATE_METHOD_MATCH = YES;
				"CODE_SIGN_IDENTITY[sdk=iphoneos*]" = "iPhone Developer";
				COPY_PHASE_STRIP = NO;
				DEBUG_INFORMATION_FORMAT = "dwarf-with-dsym";
				ENABLE_NS_ASSERTIONS = NO;
				ENABLE_STRICT_OBJC_MSGSEND = YES;
				GCC_C_LANGUAGE_STANDARD = gnu99;
				GCC_NO_COMMON_BLOCKS = YES;
				GCC_WARN_64_TO_32_BIT_CONVERSION = YES;
				GCC_WARN_ABOUT_RETURN_TYPE = YES_ERROR;
				GCC_WARN_UNDECLARED_SELECTOR = YES;
				GCC_WARN_UNINITIALIZED_AUTOS = YES_AGGRESSIVE;
				GCC_WARN_UNUSED_FUNCTION = YES;
				GCC_WARN_UNUSED_VARIABLE = YES;
				IPHONEOS_DEPLOYMENT_TARGET = 9.2;
				MTL_ENABLE_DEBUG_INFO = NO;
				SDKROOT = iphoneos;
				TARGETED_DEVICE_FAMILY = "1,2";
				VALIDATE_PRODUCT = YES;
			};
			name = Release;
		};
		4AAD14471C7DC98B00DBA4A0 /* Debug */ = {
			isa = XCBuildConfiguration;
			buildSettings = {
				ASSETCATALOG_COMPILER_APPICON_NAME = "AppIcon-1";
				INFOPLIST_FILE = "Sekolah Koding/Info.plist";
				LD_RUNPATH_SEARCH_PATHS = "$(inherited) @executable_path/Frameworks";
				PRODUCT_BUNDLE_IDENTIFIER = "iwkz.de.Sekolah-Koding";
				PRODUCT_NAME = "$(TARGET_NAME)";
			};
			name = Debug;
		};
		4AAD14481C7DC98B00DBA4A0 /* Release */ = {
			isa = XCBuildConfiguration;
			buildSettings = {
				ASSETCATALOG_COMPILER_APPICON_NAME = "AppIcon-1";
				INFOPLIST_FILE = "Sekolah Koding/Info.plist";
				LD_RUNPATH_SEARCH_PATHS = "$(inherited) @executable_path/Frameworks";
				PRODUCT_BUNDLE_IDENTIFIER = "iwkz.de.Sekolah-Koding";
				PRODUCT_NAME = "$(TARGET_NAME)";
			};
			name = Release;
		};
		4AAD144A1C7DC98B00DBA4A0 /* Debug */ = {
			isa = XCBuildConfiguration;
			buildSettings = {
				BUNDLE_LOADER = "$(TEST_HOST)";
				INFOPLIST_FILE = "Sekolah KodingTests/Info.plist";
				LD_RUNPATH_SEARCH_PATHS = "$(inherited) @executable_path/Frameworks @loader_path/Frameworks";
				PRODUCT_BUNDLE_IDENTIFIER = "iwkz.de.Sekolah-KodingTests";
				PRODUCT_NAME = "$(TARGET_NAME)";
				TEST_HOST = "$(BUILT_PRODUCTS_DIR)/Sekolah Koding.app/Sekolah Koding";
			};
			name = Debug;
		};
		4AAD144B1C7DC98B00DBA4A0 /* Release */ = {
			isa = XCBuildConfiguration;
			buildSettings = {
				BUNDLE_LOADER = "$(TEST_HOST)";
				INFOPLIST_FILE = "Sekolah KodingTests/Info.plist";
				LD_RUNPATH_SEARCH_PATHS = "$(inherited) @executable_path/Frameworks @loader_path/Frameworks";
				PRODUCT_BUNDLE_IDENTIFIER = "iwkz.de.Sekolah-KodingTests";
				PRODUCT_NAME = "$(TARGET_NAME)";
				TEST_HOST = "$(BUILT_PRODUCTS_DIR)/Sekolah Koding.app/Sekolah Koding";
			};
			name = Release;
		};
		4AAD144D1C7DC98B00DBA4A0 /* Debug */ = {
			isa = XCBuildConfiguration;
			buildSettings = {
				INFOPLIST_FILE = "Sekolah KodingUITests/Info.plist";
				LD_RUNPATH_SEARCH_PATHS = "$(inherited) @executable_path/Frameworks @loader_path/Frameworks";
				PRODUCT_BUNDLE_IDENTIFIER = "iwkz.de.Sekolah-KodingUITests";
				PRODUCT_NAME = "$(TARGET_NAME)";
				TEST_TARGET_NAME = "Sekolah Koding";
				USES_XCTRUNNER = YES;
			};
			name = Debug;
		};
		4AAD144E1C7DC98B00DBA4A0 /* Release */ = {
			isa = XCBuildConfiguration;
			buildSettings = {
				INFOPLIST_FILE = "Sekolah KodingUITests/Info.plist";
				LD_RUNPATH_SEARCH_PATHS = "$(inherited) @executable_path/Frameworks @loader_path/Frameworks";
				PRODUCT_BUNDLE_IDENTIFIER = "iwkz.de.Sekolah-KodingUITests";
				PRODUCT_NAME = "$(TARGET_NAME)";
				TEST_TARGET_NAME = "Sekolah Koding";
				USES_XCTRUNNER = YES;
			};
			name = Release;
		};
/* End XCBuildConfiguration section */

/* Begin XCConfigurationList section */
		4AAD14191C7DC98B00DBA4A0 /* Build configuration list for PBXProject "Sekolah Koding" */ = {
			isa = XCConfigurationList;
			buildConfigurations = (
				4AAD14441C7DC98B00DBA4A0 /* Debug */,
				4AAD14451C7DC98B00DBA4A0 /* Release */,
			);
			defaultConfigurationIsVisible = 0;
			defaultConfigurationName = Release;
		};
		4AAD14461C7DC98B00DBA4A0 /* Build configuration list for PBXNativeTarget "Sekolah Koding" */ = {
			isa = XCConfigurationList;
			buildConfigurations = (
				4AAD14471C7DC98B00DBA4A0 /* Debug */,
				4AAD14481C7DC98B00DBA4A0 /* Release */,
			);
			defaultConfigurationIsVisible = 0;
			defaultConfigurationName = Release;
		};
		4AAD14491C7DC98B00DBA4A0 /* Build configuration list for PBXNativeTarget "Sekolah KodingTests" */ = {
			isa = XCConfigurationList;
			buildConfigurations = (
				4AAD144A1C7DC98B00DBA4A0 /* Debug */,
				4AAD144B1C7DC98B00DBA4A0 /* Release */,
			);
			defaultConfigurationIsVisible = 0;
			defaultConfigurationName = Release;
		};
		4AAD144C1C7DC98B00DBA4A0 /* Build configuration list for PBXNativeTarget "Sekolah KodingUITests" */ = {
			isa = XCConfigurationList;
			buildConfigurations = (
				4AAD144D1C7DC98B00DBA4A0 /* Debug */,
				4AAD144E1C7DC98B00DBA4A0 /* Release */,
			);
			defaultConfigurationIsVisible = 0;
			defaultConfigurationName = Release;
		};
/* End XCConfigurationList section */
	};
	rootObject = 4AAD14161C7DC98B00DBA4A0 /* Project object */;
}
